
Microsoft Visual Studio Solution File, Format Version 12.00
# Visual Studio 15
VisualStudioVersion = 15.0.28010.2048
MinimumVisualStudioVersion = 10.0.40219.1
Project("{FAE04EC0-301F-11D3-BF4B-00C04F79EFBC}") = "PoloniexWrapper", "PoloniexWrapper\PoloniexWrapper.csproj", "{5DFA6723-C50D-436B-9840-389601A04899}"
EndProject
Global
	GlobalSection(SolutionConfigurationPlatforms) = preSolution
		Debug|Any CPU = Debug|Any CPU
		Release|Any CPU = Release|Any CPU
	EndGlobalSection
	GlobalSection(ProjectConfigurationPlatforms) = postSolution
		{5DFA6723-C50D-436B-9840-389601A04899}.Debug|Any CPU.ActiveCfg = Debug|Any CPU
		{5DFA6723-C50D-436B-9840-389601A04899}.Debug|Any CPU.Build.0 = Debug|Any CPU
		{5DFA6723-C50D-436B-9840-389601A04899}.Release|Any CPU.ActiveCfg = Release|Any CPU
		{5DFA6723-C50D-436B-9840-389601A04899}.Release|Any CPU.Build.0 = Release|Any CPU
	EndGlobalSection
	GlobalSection(SolutionProperties) = preSolution
		HideSolutionNode = FALSE
	EndGlobalSection
	GlobalSection(ExtensibilityGlobals) = postSolution
		SolutionGuid = {2BEE014A-AA60-4CD6-8854-48CB8FC7B780}
	EndGlobalSection
EndGlobal
